// !$*UTF8*$!
{
	archiveVersion = 1;
	classes = {
	};
	objectVersion = 46;
	objects = {

/* Begin PBXBuildFile section */
		BA3808451CE5CFF400BBF9AC /* main.m in Sources */ = {isa = PBXBuildFile; fileRef = BA3808441CE5CFF400BBF9AC /* main.m */; };
		BA38084E1CE5D04600BBF9AC /* BranchUtility.m in Sources */ = {isa = PBXBuildFile; fileRef = BA38084D1CE5D04600BBF9AC /* BranchUtility.m */; };
/* End PBXBuildFile section */

/* Begin PBXCopyFilesBuildPhase section */
		BA38083F1CE5CFF400BBF9AC /* CopyFiles */ = {
			isa = PBXCopyFilesBuildPhase;
			buildActionMask = 2147483647;
			dstPath = /usr/share/man/man1/;
			dstSubfolderSpec = 0;
			files = (
			);
			runOnlyForDeploymentPostprocessing = 1;
		};
/* End PBXCopyFilesBuildPhase section */

/* Begin PBXFileReference section */
		BA3808411CE5CFF400BBF9AC /* BranchUtilityDemo */ = {isa = PBXFileReference; explicitFileType = "compiled.mach-o.executable"; includeInIndex = 0; path = BranchUtilityDemo; sourceTree = BUILT_PRODUCTS_DIR; };
		BA3808441CE5CFF400BBF9AC /* main.m */ = {isa = PBXFileReference; lastKnownFileType = sourcecode.c.objc; path = main.m; sourceTree = "<group>"; };
		BA38084C1CE5D04600BBF9AC /* BranchUtility.h */ = {isa = PBXFileReference; fileEncoding = 4; lastKnownFileType = sourcecode.c.h; path = BranchUtility.h; sourceTree = "<group>"; };
		BA38084D1CE5D04600BBF9AC /* BranchUtility.m */ = {isa = PBXFileReference; fileEncoding = 4; lastKnownFileType = sourcecode.c.objc; path = BranchUtility.m; sourceTree = "<group>"; };
/* End PBXFileReference section */

/* Begin PBXFrameworksBuildPhase section */
		BA38083E1CE5CFF400BBF9AC /* Frameworks */ = {
			isa = PBXFrameworksBuildPhase;
			buildActionMask = 2147483647;
			files = (
			);
			runOnlyForDeploymentPostprocessing = 0;
		};
/* End PBXFrameworksBuildPhase section */

/* Begin PBXGroup section */
		BA3808381CE5CFF400BBF9AC = {
			isa = PBXGroup;
			children = (
				BA38084B1CE5D04600BBF9AC /* BranchUtility */,
				BA3808431CE5CFF400BBF9AC /* BranchUtilityDemo */,
				BA3808421CE5CFF400BBF9AC /* Products */,
			);
			sourceTree = "<group>";
		};
		BA3808421CE5CFF400BBF9AC /* Products */ = {
			isa = PBXGroup;
			children = (
				BA3808411CE5CFF400BBF9AC /* BranchUtilityDemo */,
			);
			name = Products;
			sourceTree = "<group>";
		};
		BA3808431CE5CFF400BBF9AC /* BranchUtilityDemo */ = {
			isa = PBXGroup;
			children = (
				BA3808441CE5CFF400BBF9AC /* main.m */,
			);
			path = BranchUtilityDemo;
			sourceTree = "<group>";
		};
		BA38084B1CE5D04600BBF9AC /* BranchUtility */ = {
			isa = PBXGroup;
			children = (
				BA38084C1CE5D04600BBF9AC /* BranchUtility.h */,
				BA38084D1CE5D04600BBF9AC /* BranchUtility.m */,
			);
			path = BranchUtility;
			sourceTree = "<group>";
		};
/* End PBXGroup section */

/* Begin PBXNativeTarget section */
		BA3808401CE5CFF400BBF9AC /* BranchUtilityDemo */ = {
			isa = PBXNativeTarget;
			buildConfigurationList = BA3808481CE5CFF400BBF9AC /* Build configuration list for PBXNativeTarget "BranchUtilityDemo" */;
			buildPhases = (
				BA38083D1CE5CFF400BBF9AC /* Sources */,
				BA38083E1CE5CFF400BBF9AC /* Frameworks */,
				BA38083F1CE5CFF400BBF9AC /* CopyFiles */,
			);
			buildRules = (
			);
			dependencies = (
			);
			name = BranchUtilityDemo;
			productName = BranchUtilityDemo;
			productReference = BA3808411CE5CFF400BBF9AC /* BranchUtilityDemo */;
			productType = "com.apple.product-type.tool";
		};
/* End PBXNativeTarget section */

/* Begin PBXProject section */
		BA3808391CE5CFF400BBF9AC /* Project object */ = {
			isa = PBXProject;
			attributes = {
				LastUpgradeCheck = 0730;
				ORGANIZATIONNAME = TozyZuo;
				TargetAttributes = {
					BA3808401CE5CFF400BBF9AC = {
						CreatedOnToolsVersion = 7.3;
					};
				};
			};
			buildConfigurationList = BA38083C1CE5CFF400BBF9AC /* Build configuration list for PBXProject "BranchUtilityDemo" */;
			compatibilityVersion = "Xcode 3.2";
			developmentRegion = English;
			hasScannedForEncodings = 0;
			knownRegions = (
				en,
			);
			mainGroup = BA3808381CE5CFF400BBF9AC;
			productRefGroup = BA3808421CE5CFF400BBF9AC /* Products */;
			projectDirPath = "";
			projectRoot = "";
			targets = (
				BA3808401CE5CFF400BBF9AC /* BranchUtilityDemo */,
			);
		};
/* End PBXProject section */

/* Begin PBXSourcesBuildPhase section */
		BA38083D1CE5CFF400BBF9AC /* Sources */ = {
			isa = PBXSourcesBuildPhase;
			buildActionMask = 2147483647;
			files = (
				BA38084E1CE5D04600BBF9AC /* BranchUtility.m in Sources */,
				BA3808451CE5CFF400BBF9AC /* main.m in Sources */,
			);
			runOnlyForDeploymentPostprocessing = 0;
		};
/* End PBXSourcesBuildPhase section */

/* Begin XCBuildConfiguration section */
		BA3808461CE5CFF400BBF9AC /* Debug */ = {
			isa = XCBuildConfiguration;
			buildSettings = {
				ALWAYS_SEARCH_USER_PATHS = NO;
				CLANG_ANALYZER_NONNULL = YES;
				CLANG_CXX_LANGUAGE_STANDARD = "gnu++0x";
				CLANG_CXX_LIBRARY = "libc++";
				CLANG_ENABLE_MODULES = YES;
				CLANG_ENABLE_OBJC_ARC = YES;
				CLANG_WARN_BOOL_CONVERSION = YES;
				CLANG_WARN_CONSTANT_CONVERSION = YES;
				CLANG_WARN_DIRECT_OBJC_ISA_USAGE = YES_ERROR;
				CLANG_WARN_EMPTY_BODY = YES;
				CLANG_WARN_ENUM_CONVERSION = YES;
				CLANG_WARN_INT_CONVERSION = YES;
				CLANG_WARN_OBJC_ROOT_CLASS = YES_ERROR;
				CLANG_WARN_UNREACHABLE_CODE = YES;
				CLANG_WARN__DUPLICATE_METHOD_MATCH = YES;
				CODE_SIGN_IDENTITY = "-";
				COPY_PHASE_STRIP = NO;
				DEBUG_INFORMATION_FORMAT = dwarf;
				ENABLE_STRICT_OBJC_MSGSEND = YES;
				ENABLE_TESTABILITY = YES;
				GCC_C_LANGUAGE_STANDARD = gnu99;
				GCC_DYNAMIC_NO_PIC = NO;
				GCC_NO_COMMON_BLOCKS = YES;
				GCC_OPTIMIZATION_LEVEL = 0;
				GCC_PREPROCESSOR_DEFINITIONS = (
					"DEBUG=1",
					"$(inherited)",
				);
				GCC_WARN_64_TO_32_BIT_CONVERSION = YES;
				GCC_WARN_ABOUT_RETURN_TYPE = YES_ERROR;
				GCC_WARN_UNDECLARED_SELECTOR = YES;
				GCC_WARN_UNINITIALIZED_AUTOS = YES_AGGRESSIVE;
				GCC_WARN_UNUSED_FUNCTION = YES;
				GCC_WARN_UNUSED_VARIABLE = YES;
				MACOSX_DEPLOYMENT_TARGET = 10.11;
				MTL_ENABLE_DEBUG_INFO = YES;
				ONLY_ACTIVE_ARCH = YES;
				SDKROOT = macosx;
			};
			name = Debug;
		};
		BA3808471CE5CFF400BBF9AC /* Release */ = {
			isa = XCBuildConfiguration;
			buildSettings = {
				ALWAYS_SEARCH_USER_PATHS = NO;
				CLANG_ANALYZER_NONNULL = YES;
				CLANG_CXX_LANGUAGE_STANDARD = "gnu++0x";
				CLANG_CXX_LIBRARY = "libc++";
				CLANG_ENABLE_MODULES = YES;
				CLANG_ENABLE_OBJC_ARC = YES;
				CLANG_WARN_BOOL_CONVERSION = YES;
				CLANG_WARN_CONSTANT_CONVERSION = YES;
				CLANG_WARN_DIRECT_OBJC_ISA_USAGE = YES_ERROR;
				CLANG_WARN_EMPTY_BODY = YES;
				CLANG_WARN_ENUM_CONVERSION = YES;
				CLANG_WARN_INT_CONVERSION = YES;
				CLANG_WARN_OBJC_ROOT_CLASS = YES_ERROR;
				CLANG_WARN_UNREACHABLE_CODE = YES;
				CLANG_WARN__DUPLICATE_METHOD_MATCH = YES;
				CODE_SIGN_IDENTITY = "-";
				COPY_PHASE_STRIP = NO;
				DEBUG_INFORMATION_FORMAT = "dwarf-with-dsym";
				ENABLE_NS_ASSERTIONS = NO;
				ENABLE_STRICT_OBJC_MSGSEND = YES;
				GCC_C_LANGUAGE_STANDARD = gnu99;
				GCC_NO_COMMON_BLOCKS = YES;
				GCC_WARN_64_TO_32_BIT_CONVERSION = YES;
				GCC_WARN_ABOUT_RETURN_TYPE = YES_ERROR;
				GCC_WARN_UNDECLARED_SELECTOR = YES;
				GCC_WARN_UNINITIALIZED_AUTOS = YES_AGGRESSIVE;
				GCC_WARN_UNUSED_FUNCTION = YES;
				GCC_WARN_UNUSED_VARIABLE = YES;
				MACOSX_DEPLOYMENT_TARGET = 10.11;
				MTL_ENABLE_DEBUG_INFO = NO;
				SDKROOT = macosx;
			};
			name = Release;
		};
		BA3808491CE5CFF400BBF9AC /* Debug */ = {
			isa = XCBuildConfiguration;
			buildSettings = {
				PRODUCT_NAME = "$(TARGET_NAME)";
			};
			name = Debug;
		};
		BA38084A1CE5CFF400BBF9AC /* Release */ = {
			isa = XCBuildConfiguration;
			buildSettings = {
				PRODUCT_NAME = "$(TARGET_NAME)";
			};
			name = Release;
		};
/* End XCBuildConfiguration section */

/* Begin XCConfigurationList section */
		BA38083C1CE5CFF400BBF9AC /* Build configuration list for PBXProject "BranchUtilityDemo" */ = {
			isa = XCConfigurationList;
			buildConfigurations = (
				BA3808461CE5CFF400BBF9AC /* Debug */,
				BA3808471CE5CFF400BBF9AC /* Release */,
			);
			defaultConfigurationIsVisible = 0;
			defaultConfigurationName = Release;
		};
		BA3808481CE5CFF400BBF9AC /* Build configuration list for PBXNativeTarget "BranchUtilityDemo" */ = {
			isa = XCConfigurationList;
			buildConfigurations = (
				BA3808491CE5CFF400BBF9AC /* Debug */,
				BA38084A1CE5CFF400BBF9AC /* Release */,
			);
			defaultConfigurationIsVisible = 0;
			defaultConfigurationName = Release;
		};
/* End XCConfigurationList section */
	};
	rootObject = BA3808391CE5CFF400BBF9AC /* Project object */;
}
